
Microsoft Visual Studio Solution File, Format Version 12.00
# Visual Studio 2013
VisualStudioVersion = 12.0.21005.1
MinimumVisualStudioVersion = 10.0.40219.1
Project("{FAE04EC0-301F-11D3-BF4B-00C04F79EFBC}") = "Flower_", "Flower_\Flower_.csproj", "{2BAF2F7A-2ED0-45B9-9B04-5515A7DEF774}"
EndProject
Project("{FAE04EC0-301F-11D3-BF4B-00C04F79EFBC}") = "DBCL", "DBCL\DBCL.csproj", "{62BC6FC8-C88D-4E84-826B-90B24B9B6F01}"
EndProject
Global
	GlobalSection(SolutionConfigurationPlatforms) = preSolution
		Debug|Any CPU = Debug|Any CPU
		Release|Any CPU = Release|Any CPU
	EndGlobalSection
	GlobalSection(ProjectConfigurationPlatforms) = postSolution
		{2BAF2F7A-2ED0-45B9-9B04-5515A7DEF774}.Debug|Any CPU.ActiveCfg = Debug|Any CPU
		{2BAF2F7A-2ED0-45B9-9B04-5515A7DEF774}.Debug|Any CPU.Build.0 = Debug|Any CPU
		{2BAF2F7A-2ED0-45B9-9B04-5515A7DEF774}.Release|Any CPU.ActiveCfg = Release|Any CPU
		{2BAF2F7A-2ED0-45B9-9B04-5515A7DEF774}.Release|Any CPU.Build.0 = Release|Any CPU
		{62BC6FC8-C88D-4E84-826B-90B24B9B6F01}.Debug|Any CPU.ActiveCfg = Debug|Any CPU
		{62BC6FC8-C88D-4E84-826B-90B24B9B6F01}.Debug|Any CPU.Build.0 = Debug|Any CPU
		{62BC6FC8-C88D-4E84-826B-90B24B9B6F01}.Release|Any CPU.ActiveCfg = Release|Any CPU
		{62BC6FC8-C88D-4E84-826B-90B24B9B6F01}.Release|Any CPU.Build.0 = Release|Any CPU
	EndGlobalSection
	GlobalSection(SolutionProperties) = preSolution
		HideSolutionNode = FALSE
	EndGlobalSection
EndGlobal
